
Microsoft Visual Studio Solution File, Format Version 12.00
# Visual Studio Version 16
VisualStudioVersion = 16.0.29926.136
MinimumVisualStudioVersion = 10.0.40219.1
Project("{FAE04EC0-301F-11D3-BF4B-00C04F79EFBC}") = "Task3", "Task3\Task3.csproj", "{F47037C1-1D98-4693-974E-BD00306E1D71}"
EndProject
Global
	GlobalSection(SolutionConfigurationPlatforms) = preSolution
		Debug|Any CPU = Debug|Any CPU
		Release|Any CPU = Release|Any CPU
	EndGlobalSection
	GlobalSection(ProjectConfigurationPlatforms) = postSolution
		{F47037C1-1D98-4693-974E-BD00306E1D71}.Debug|Any CPU.ActiveCfg = Debug|Any CPU
		{F47037C1-1D98-4693-974E-BD00306E1D71}.Debug|Any CPU.Build.0 = Debug|Any CPU
		{F47037C1-1D98-4693-974E-BD00306E1D71}.Release|Any CPU.ActiveCfg = Release|Any CPU
		{F47037C1-1D98-4693-974E-BD00306E1D71}.Release|Any CPU.Build.0 = Release|Any CPU
	EndGlobalSection
	GlobalSection(SolutionProperties) = preSolution
		HideSolutionNode = FALSE
	EndGlobalSection
	GlobalSection(ExtensibilityGlobals) = postSolution
		SolutionGuid = {9874F7C1-F061-4D1D-B0BA-1D6C93A7E10A}
	EndGlobalSection
EndGlobal
